{
  "pins" : [
    {
      "identity" : "swiftterm",
      "kind" : "remoteSourceControl",
      "location" : "https://github.com/thecoolwinter/SwiftTerm.git",
      "state" : {
        "branch" : "codeedit",
        "revision" : "2f36f54742d3882e69ff009d084e8675b80934bd"
      }
    }
  ],
  "version" : 2
}
